lockfileVersion: '9.0'

settings:
  autoInstallPeers: true
  excludeLinksFromLockfile: false

importers:

  .:
    devDependencies:
      effect:
        specifier: 4.0.0-rc.109
        version: 4.0.0-rc.109

packages:

  effect@4.0.0-rc.109:
    resolution: {integrity: sha512-6ubcOCtfdbmFO5+vgcT2HsTw5s+n3aMUj4eAIbVpUxP7+VYCwXxxcBHgiWgizOrGO1eGmuOBFek3mM0dFcwaWA==}
    dependencies:
      '@standard-schema/spec': 1.1.0
      fast-check: 4.9.0
      msgpackr: 2.0.5
